PODS:
  - DynamicColor (2.3.0)
  - Timepiece (0.4.3)
  - Toucan (0.5.0)
  - XLPagerTabStrip (4.0.2)

DEPENDENCIES:
  - DynamicColor (~> 2.3.0)
  - Timepiece
  - Toucan (~> 0.5.0)
  - XLPagerTabStrip (~> 4.0)

SPEC CHECKSUMS:
  DynamicColor: 18badd22ee5edeefcbe0a8f5887a86640c592a1c
  Timepiece: b5038887b91d6eb70653173f4270e06b3abeac41
  Toucan: 0519c341148252ae114c5a657d2a85bb9ada9e40
  XLPagerTabStrip: 5aee1990f16ae04b7285fe83befca7dbb259ec57

PODFILE CHECKSUM: b0519f90721f1d278d4facb85c912304297b930b

COCOAPODS: 1.0.1
